
Microsoft Visual Studio Solution File, Format Version 12.00
# Visual Studio Version 16
VisualStudioVersion = 16.0.29920.165
MinimumVisualStudioVersion = 10.0.40219.1
Project("{FAE04EC0-301F-11D3-BF4B-00C04F79EFBC}") = "Notepad", "Notepad\Notepad.csproj", "{06E8C95D-5516-4531-88C7-1B96D4917203}"
EndProject
Global
	GlobalSection(SolutionConfigurationPlatforms) = preSolution
		Debug|Any CPU = Debug|Any CPU
		Release|Any CPU = Release|Any CPU
	EndGlobalSection
	GlobalSection(ProjectConfigurationPlatforms) = postSolution
		{06E8C95D-5516-4531-88C7-1B96D4917203}.Debug|Any CPU.ActiveCfg = Debug|Any CPU
		{06E8C95D-5516-4531-88C7-1B96D4917203}.Debug|Any CPU.Build.0 = Debug|Any CPU
		{06E8C95D-5516-4531-88C7-1B96D4917203}.Release|Any CPU.ActiveCfg = Release|Any CPU
		{06E8C95D-5516-4531-88C7-1B96D4917203}.Release|Any CPU.Build.0 = Release|Any CPU
	EndGlobalSection
	GlobalSection(SolutionProperties) = preSolution
		HideSolutionNode = FALSE
	EndGlobalSection
	GlobalSection(ExtensibilityGlobals) = postSolution
		SolutionGuid = {85E8AD53-8A9D-4DD2-847B-7D8B4046263A}
	EndGlobalSection
EndGlobal
